
Microsoft Visual Studio Solution File, Format Version 12.00
# Visual Studio Version 17
VisualStudioVersion = 17.8.34511.84
MinimumVisualStudioVersion = 10.0.40219.1
Project("{2150E333-8FDC-42A3-9474-1A3956D46DE8}") = "Domain", "Domain", "{E10B90CA-AE85-40A5-BA5B-D8EA79F44E7F}"
EndProject
Project("{2150E333-8FDC-42A3-9474-1A3956D46DE8}") = "Application", "Application", "{031D6B67-D1F4-4BBA-B581-AC91645B2C93}"
EndProject
Project("{2150E333-8FDC-42A3-9474-1A3956D46DE8}") = "Infrastructure", "Infrastructure", "{2E98B7E5-A412-4C4E-9FA6-E0500D30A2A7}"
EndProject
Project("{2150E333-8FDC-42A3-9474-1A3956D46DE8}") = "Web", "Web", "{A83FEA27-14C7-4217-9E44-6FEF7D18C423}"
EndProject
Project("{2150E333-8FDC-42A3-9474-1A3956D46DE8}") = "src", "src", "{7BAAAD4F-685F-42ED-8B52-07FB6C3E5B81}"
EndProject
Project("{FAE04EC0-301F-11D3-BF4B-00C04F79EFBC}") = "Blog.Application", "src\Application\Blog.Application\Blog.Application.csproj", "{1B2E5617-A234-439F-86D7-EFDC1B364C31}"
EndProject
Project("{FAE04EC0-301F-11D3-BF4B-00C04F79EFBC}") = "Blog.Domain", "src\Domain\Blog.Domain\Blog.Domain.csproj", "{0C71F588-BF8F-4EEE-A9E9-827A1BD34146}"
EndProject
Project("{FAE04EC0-301F-11D3-BF4B-00C04F79EFBC}") = "Blog.Infrastructure", "src\Infrastructure\Blog.Infrastructure\Blog.Infrastructure.csproj", "{E6F5E7EA-5027-492E-9050-19654C55238C}"
EndProject
Project("{2150E333-8FDC-42A3-9474-1A3956D46DE8}") = "Client", "Client", "{BC8D7DE6-7796-4446-A52F-3BD6ACB016AC}"
EndProject
Project("{2150E333-8FDC-42A3-9474-1A3956D46DE8}") = "Server", "Server", "{9DEA787F-7614-4635-BE9F-2EF00CEA6E2F}"
EndProject
Project("{9A19103F-16F7-4668-BE54-9A1E7A4F7556}") = "Blog.Client", "src\Web\Client\Blog.Client\Blog.Client.csproj", "{9A8D9576-A4BC-40E2-99E1-050AB1A28972}"
EndProject
Project("{9A19103F-16F7-4668-BE54-9A1E7A4F7556}") = "Blog.Server", "src\Web\Server\Blog.Server\Blog.Server.csproj", "{926A25FE-BEC7-4FB8-AFFC-26B0A53D29B9}"
EndProject
Global
	GlobalSection(SolutionConfigurationPlatforms) = preSolution
		Debug|Any CPU = Debug|Any CPU
		Release|Any CPU = Release|Any CPU
	EndGlobalSection
	GlobalSection(ProjectConfigurationPlatforms) = postSolution
		{1B2E5617-A234-439F-86D7-EFDC1B364C31}.Debug|Any CPU.ActiveCfg = Debug|Any CPU
		{1B2E5617-A234-439F-86D7-EFDC1B364C31}.Debug|Any CPU.Build.0 = Debug|Any CPU
		{1B2E5617-A234-439F-86D7-EFDC1B364C31}.Release|Any CPU.ActiveCfg = Release|Any CPU
		{1B2E5617-A234-439F-86D7-EFDC1B364C31}.Release|Any CPU.Build.0 = Release|Any CPU
		{0C71F588-BF8F-4EEE-A9E9-827A1BD34146}.Debug|Any CPU.ActiveCfg = Debug|Any CPU
		{0C71F588-BF8F-4EEE-A9E9-827A1BD34146}.Debug|Any CPU.Build.0 = Debug|Any CPU
		{0C71F588-BF8F-4EEE-A9E9-827A1BD34146}.Release|Any CPU.ActiveCfg = Release|Any CPU
		{0C71F588-BF8F-4EEE-A9E9-827A1BD34146}.Release|Any CPU.Build.0 = Release|Any CPU
		{E6F5E7EA-5027-492E-9050-19654C55238C}.Debug|Any CPU.ActiveCfg = Debug|Any CPU
		{E6F5E7EA-5027-492E-9050-19654C55238C}.Debug|Any CPU.Build.0 = Debug|Any CPU
		{E6F5E7EA-5027-492E-9050-19654C55238C}.Release|Any CPU.ActiveCfg = Release|Any CPU
		{E6F5E7EA-5027-492E-9050-19654C55238C}.Release|Any CPU.Build.0 = Release|Any CPU
		{9A8D9576-A4BC-40E2-99E1-050AB1A28972}.Debug|Any CPU.ActiveCfg = Debug|Any CPU
		{9A8D9576-A4BC-40E2-99E1-050AB1A28972}.Debug|Any CPU.Build.0 = Debug|Any CPU
		{9A8D9576-A4BC-40E2-99E1-050AB1A28972}.Release|Any CPU.ActiveCfg = Release|Any CPU
		{9A8D9576-A4BC-40E2-99E1-050AB1A28972}.Release|Any CPU.Build.0 = Release|Any CPU
		{926A25FE-BEC7-4FB8-AFFC-26B0A53D29B9}.Debug|Any CPU.ActiveCfg = Debug|Any CPU
		{926A25FE-BEC7-4FB8-AFFC-26B0A53D29B9}.Debug|Any CPU.Build.0 = Debug|Any CPU
		{926A25FE-BEC7-4FB8-AFFC-26B0A53D29B9}.Release|Any CPU.ActiveCfg = Release|Any CPU
		{926A25FE-BEC7-4FB8-AFFC-26B0A53D29B9}.Release|Any CPU.Build.0 = Release|Any CPU
	EndGlobalSection
	GlobalSection(SolutionProperties) = preSolution
		HideSolutionNode = FALSE
	EndGlobalSection
	GlobalSection(NestedProjects) = preSolution
		{E10B90CA-AE85-40A5-BA5B-D8EA79F44E7F} = {7BAAAD4F-685F-42ED-8B52-07FB6C3E5B81}
		{031D6B67-D1F4-4BBA-B581-AC91645B2C93} = {7BAAAD4F-685F-42ED-8B52-07FB6C3E5B81}
		{2E98B7E5-A412-4C4E-9FA6-E0500D30A2A7} = {7BAAAD4F-685F-42ED-8B52-07FB6C3E5B81}
		{A83FEA27-14C7-4217-9E44-6FEF7D18C423} = {7BAAAD4F-685F-42ED-8B52-07FB6C3E5B81}
		{1B2E5617-A234-439F-86D7-EFDC1B364C31} = {031D6B67-D1F4-4BBA-B581-AC91645B2C93}
		{0C71F588-BF8F-4EEE-A9E9-827A1BD34146} = {E10B90CA-AE85-40A5-BA5B-D8EA79F44E7F}
		{E6F5E7EA-5027-492E-9050-19654C55238C} = {2E98B7E5-A412-4C4E-9FA6-E0500D30A2A7}
		{BC8D7DE6-7796-4446-A52F-3BD6ACB016AC} = {A83FEA27-14C7-4217-9E44-6FEF7D18C423}
		{9DEA787F-7614-4635-BE9F-2EF00CEA6E2F} = {A83FEA27-14C7-4217-9E44-6FEF7D18C423}
		{9A8D9576-A4BC-40E2-99E1-050AB1A28972} = {BC8D7DE6-7796-4446-A52F-3BD6ACB016AC}
		{926A25FE-BEC7-4FB8-AFFC-26B0A53D29B9} = {9DEA787F-7614-4635-BE9F-2EF00CEA6E2F}
	EndGlobalSection
	GlobalSection(ExtensibilityGlobals) = postSolution
		SolutionGuid = {DAAFF279-61CE-45C7-94A1-14F712FB004E}
	EndGlobalSection
EndGlobal
